
Microsoft Visual Studio Solution File, Format Version 12.00
# Visual Studio Version 17
VisualStudioVersion = 17.11.35327.3
MinimumVisualStudioVersion = 10.0.40219.1
Project("{FAE04EC0-301F-11D3-BF4B-00C04F79EFBC}") = "Teste 3", "Teste 3\Teste 3.csproj", "{871B8DC7-D966-4D40-9DF7-AC93568F052A}"
EndProject
Global
	GlobalSection(SolutionConfigurationPlatforms) = preSolution
		Debug|Any CPU = Debug|Any CPU
		Release|Any CPU = Release|Any CPU
	EndGlobalSection
	GlobalSection(ProjectConfigurationPlatforms) = postSolution
		{871B8DC7-D966-4D40-9DF7-AC93568F052A}.Debug|Any CPU.ActiveCfg = Debug|Any CPU
		{871B8DC7-D966-4D40-9DF7-AC93568F052A}.Debug|Any CPU.Build.0 = Debug|Any CPU
		{871B8DC7-D966-4D40-9DF7-AC93568F052A}.Release|Any CPU.ActiveCfg = Release|Any CPU
		{871B8DC7-D966-4D40-9DF7-AC93568F052A}.Release|Any CPU.Build.0 = Release|Any CPU
	EndGlobalSection
	GlobalSection(SolutionProperties) = preSolution
		HideSolutionNode = FALSE
	EndGlobalSection
	GlobalSection(ExtensibilityGlobals) = postSolution
		SolutionGuid = {D74AC99D-FC54-4B3C-9CA4-37C404574266}
	EndGlobalSection
EndGlobal
